// !$*UTF8*$!
{
	archiveVersion = 1;
	classes = {
	};
	objectVersion = 46;
	objects = {

/* Begin PBXBuildFile section */
		FA2FE79720271AB600BEC747 /* Ship.swift in Sources */ = {isa = PBXBuildFile; fileRef = FA2FE79620271AB600BEC747 /* Ship.swift */; };
		FA46010B201B235A00455F6B /* AppDelegate.swift in Sources */ = {isa = PBXBuildFile; fileRef = FA46010A201B235A00455F6B /* AppDelegate.swift */; };
		FA46010D201B235A00455F6B /* OwnShipsViewController.swift in Sources */ = {isa = PBXBuildFile; fileRef = FA46010C201B235A00455F6B /* OwnShipsViewController.swift */; };
		FA460110201B235A00455F6B /* Main.storyboard in Resources */ = {isa = PBXBuildFile; fileRef = FA46010E201B235A00455F6B /* Main.storyboard */; };
		FA460112201B235A00455F6B /* Assets.xcassets in Resources */ = {isa = PBXBuildFile; fileRef = FA460111201B235A00455F6B /* Assets.xcassets */; };
		FA460115201B235A00455F6B /* LaunchScreen.storyboard in Resources */ = {isa = PBXBuildFile; fileRef = FA460113201B235A00455F6B /* LaunchScreen.storyboard */; };
		FA46011D201B252800455F6B /* SettingsViewController.swift in Sources */ = {isa = PBXBuildFile; fileRef = FA46011C201B252800455F6B /* SettingsViewController.swift */; };
		FA46011F201B253800455F6B /* StartViewController.swift in Sources */ = {isa = PBXBuildFile; fileRef = FA46011E201B253800455F6B /* StartViewController.swift */; };
		FA460121201B254800455F6B /* EnemyShipsViewController.swift in Sources */ = {isa = PBXBuildFile; fileRef = FA460120201B254800455F6B /* EnemyShipsViewController.swift */; };
		FA460125201B913F00455F6B /* DeployViewController.swift in Sources */ = {isa = PBXBuildFile; fileRef = FA460124201B913F00455F6B /* DeployViewController.swift */; };
		FA460127201BB95E00455F6B /* Sea.swift in Sources */ = {isa = PBXBuildFile; fileRef = FA460126201BB95E00455F6B /* Sea.swift */; };
		FA638314201E7A08009B51F4 /* extensions.swift in Sources */ = {isa = PBXBuildFile; fileRef = FA638313201E7A08009B51F4 /* extensions.swift */; };
		FA638316201EBEAB009B51F4 /* Sound.swift in Sources */ = {isa = PBXBuildFile; fileRef = FA638315201EBEAB009B51F4 /* Sound.swift */; };
		FA6C9FF7201D3F5C004731C3 /* Deploy.swift in Sources */ = {isa = PBXBuildFile; fileRef = FA6C9FF6201D3F5C004731C3 /* Deploy.swift */; };
		FADD603A20272B4700508292 /* hit-2.mp3 in Resources */ = {isa = PBXBuildFile; fileRef = FADD603920272B4700508292 /* hit-2.mp3 */; };
		FADD603C20272B4D00508292 /* mis-2.mp3 in Resources */ = {isa = PBXBuildFile; fileRef = FADD603B20272B4D00508292 /* mis-2.mp3 */; };
/* End PBXBuildFile section */

/* Begin PBXFileReference section */
		FA2FE79620271AB600BEC747 /* Ship.swift */ = {isa = PBXFileReference; fileEncoding = 4; lastKnownFileType = sourcecode.swift; path = Ship.swift; sourceTree = "<group>"; };
		FA460107201B235A00455F6B /* SeaFight.app */ = {isa = PBXFileReference; explicitFileType = wrapper.application; includeInIndex = 0; path = SeaFight.app; sourceTree = BUILT_PRODUCTS_DIR; };
		FA46010A201B235A00455F6B /* AppDelegate.swift */ = {isa = PBXFileReference; lastKnownFileType = sourcecode.swift; path = AppDelegate.swift; sourceTree = "<group>"; };
		FA46010C201B235A00455F6B /* OwnShipsViewController.swift */ = {isa = PBXFileReference; lastKnownFileType = sourcecode.swift; path = OwnShipsViewController.swift; sourceTree = "<group>"; };
		FA46010F201B235A00455F6B /* Base */ = {isa = PBXFileReference; lastKnownFileType = file.storyboard; name = Base; path = Base.lproj/Main.storyboard; sourceTree = "<group>"; };
		FA460111201B235A00455F6B /* Assets.xcassets */ = {isa = PBXFileReference; lastKnownFileType = folder.assetcatalog; path = Assets.xcassets; sourceTree = "<group>"; };
		FA460114201B235A00455F6B /* Base */ = {isa = PBXFileReference; lastKnownFileType = file.storyboard; name = Base; path = Base.lproj/LaunchScreen.storyboard; sourceTree = "<group>"; };
		FA460116201B235A00455F6B /* Info.plist */ = {isa = PBXFileReference; lastKnownFileType = text.plist.xml; path = Info.plist; sourceTree = "<group>"; };
		FA46011C201B252800455F6B /* SettingsViewController.swift */ = {isa = PBXFileReference; fileEncoding = 4; lastKnownFileType = sourcecode.swift; name = SettingsViewController.swift; path = ../SettingsViewController.swift; sourceTree = "<group>"; };
		FA46011E201B253800455F6B /* StartViewController.swift */ = {isa = PBXFileReference; fileEncoding = 4; lastKnownFileType = sourcecode.swift; name = StartViewController.swift; path = ../StartViewController.swift; sourceTree = "<group>"; };
		FA460120201B254800455F6B /* EnemyShipsViewController.swift */ = {isa = PBXFileReference; fileEncoding = 4; lastKnownFileType = sourcecode.swift; name = EnemyShipsViewController.swift; path = ../EnemyShipsViewController.swift; sourceTree = "<group>"; };
		FA460124201B913F00455F6B /* DeployViewController.swift */ = {isa = PBXFileReference; fileEncoding = 4; lastKnownFileType = sourcecode.swift; name = DeployViewController.swift; path = ../DeployViewController.swift; sourceTree = "<group>"; };
		FA460126201BB95E00455F6B /* Sea.swift */ = {isa = PBXFileReference; fileEncoding = 4; lastKnownFileType = sourcecode.swift; path = Sea.swift; sourceTree = "<group>"; };
		FA638313201E7A08009B51F4 /* extensions.swift */ = {isa = PBXFileReference; fileEncoding = 4; lastKnownFileType = sourcecode.swift; path = extensions.swift; sourceTree = "<group>"; };
		FA638315201EBEAB009B51F4 /* Sound.swift */ = {isa = PBXFileReference; fileEncoding = 4; lastKnownFileType = sourcecode.swift; path = Sound.swift; sourceTree = "<group>"; };
		FA6C9FF6201D3F5C004731C3 /* Deploy.swift */ = {isa = PBXFileReference; fileEncoding = 4; lastKnownFileType = sourcecode.swift; path = Deploy.swift; sourceTree = "<group>"; };
		FADD603920272B4700508292 /* hit-2.mp3 */ = {isa = PBXFileReference; lastKnownFileType = audio.mp3; path = "hit-2.mp3"; sourceTree = "<group>"; };
		FADD603B20272B4D00508292 /* mis-2.mp3 */ = {isa = PBXFileReference; lastKnownFileType = audio.mp3; path = "mis-2.mp3"; sourceTree = "<group>"; };
/* End PBXFileReference section */

/* Begin PBXFrameworksBuildPhase section */
		FA460104201B235A00455F6B /* Frameworks */ = {
			isa = PBXFrameworksBuildPhase;
			buildActionMask = 2147483647;
			files = (
			);
			runOnlyForDeploymentPostprocessing = 0;
		};
/* End PBXFrameworksBuildPhase section */

/* Begin PBXGroup section */
		FA4600FE201B235900455F6B = {
			isa = PBXGroup;
			children = (
				FA638317201EBF95009B51F4 /* Sounds */,
				FA638315201EBEAB009B51F4 /* Sound.swift */,
				FA2FE79620271AB600BEC747 /* Ship.swift */,
				FA638313201E7A08009B51F4 /* extensions.swift */,
				FA6C9FF6201D3F5C004731C3 /* Deploy.swift */,
				FA460126201BB95E00455F6B /* Sea.swift */,
				FA460109201B235A00455F6B /* SeaFight */,
				FA460108201B235A00455F6B /* Products */,
			);
			sourceTree = "<group>";
		};
		FA460108201B235A00455F6B /* Products */ = {
			isa = PBXGroup;
			children = (
				FA460107201B235A00455F6B /* SeaFight.app */,
			);
			name = Products;
			sourceTree = "<group>";
		};
		FA460109201B235A00455F6B /* SeaFight */ = {
			isa = PBXGroup;
			children = (
				FA46011E201B253800455F6B /* StartViewController.swift */,
				FA46011C201B252800455F6B /* SettingsViewController.swift */,
				FA460124201B913F00455F6B /* DeployViewController.swift */,
				FA460120201B254800455F6B /* EnemyShipsViewController.swift */,
				FA46010C201B235A00455F6B /* OwnShipsViewController.swift */,
				FA46010E201B235A00455F6B /* Main.storyboard */,
				FA460111201B235A00455F6B /* Assets.xcassets */,
				FA460113201B235A00455F6B /* LaunchScreen.storyboard */,
				FA46010A201B235A00455F6B /* AppDelegate.swift */,
				FA460116201B235A00455F6B /* Info.plist */,
			);
			path = SeaFight;
			sourceTree = "<group>";
		};
		FA638317201EBF95009B51F4 /* Sounds */ = {
			isa = PBXGroup;
			children = (
				FADD603920272B4700508292 /* hit-2.mp3 */,
				FADD603B20272B4D00508292 /* mis-2.mp3 */,
			);
			name = Sounds;
			sourceTree = "<group>";
		};
/* End PBXGroup section */

/* Begin PBXNativeTarget section */
		FA460106201B235A00455F6B /* SeaFight */ = {
			isa = PBXNativeTarget;
			buildConfigurationList = FA460119201B235A00455F6B /* Build configuration list for PBXNativeTarget "SeaFight" */;
			buildPhases = (
				FA460103201B235A00455F6B /* Sources */,
				FA460104201B235A00455F6B /* Frameworks */,
				FA460105201B235A00455F6B /* Resources */,
			);
			buildRules = (
			);
			dependencies = (
			);
			name = SeaFight;
			productName = SeaFight;
			productReference = FA460107201B235A00455F6B /* SeaFight.app */;
			productType = "com.apple.product-type.application";
		};
/* End PBXNativeTarget section */

/* Begin PBXProject section */
		FA4600FF201B235900455F6B /* Project object */ = {
			isa = PBXProject;
			attributes = {
				LastSwiftUpdateCheck = 0830;
				LastUpgradeCheck = 0830;
				ORGANIZATIONNAME = "Алех";
				TargetAttributes = {
					FA460106201B235A00455F6B = {
						CreatedOnToolsVersion = 8.3.3;
						DevelopmentTeam = L59MFV4Z75;
						ProvisioningStyle = Automatic;
					};
				};
			};
			buildConfigurationList = FA460102201B235900455F6B /* Build configuration list for PBXProject "SeaFight" */;
			compatibilityVersion = "Xcode 3.2";
			developmentRegion = English;
			hasScannedForEncodings = 0;
			knownRegions = (
				en,
				Base,
			);
			mainGroup = FA4600FE201B235900455F6B;
			productRefGroup = FA460108201B235A00455F6B /* Products */;
			projectDirPath = "";
			projectRoot = "";
			targets = (
				FA460106201B235A00455F6B /* SeaFight */,
			);
		};
/* End PBXProject section */

/* Begin PBXResourcesBuildPhase section */
		FA460105201B235A00455F6B /* Resources */ = {
			isa = PBXResourcesBuildPhase;
			buildActionMask = 2147483647;
			files = (
				FADD603A20272B4700508292 /* hit-2.mp3 in Resources */,
				FADD603C20272B4D00508292 /* mis-2.mp3 in Resources */,
				FA460115201B235A00455F6B /* LaunchScreen.storyboard in Resources */,
				FA460112201B235A00455F6B /* Assets.xcassets in Resources */,
				FA460110201B235A00455F6B /* Main.storyboard in Resources */,
			);
			runOnlyForDeploymentPostprocessing = 0;
		};
/* End PBXResourcesBuildPhase section */

/* Begin PBXSourcesBuildPhase section */
		FA460103201B235A00455F6B /* Sources */ = {
			isa = PBXSourcesBuildPhase;
			buildActionMask = 2147483647;
			files = (
				FA460125201B913F00455F6B /* DeployViewController.swift in Sources */,
				FA46010D201B235A00455F6B /* OwnShipsViewController.swift in Sources */,
				FA46011F201B253800455F6B /* StartViewController.swift in Sources */,
				FA638314201E7A08009B51F4 /* extensions.swift in Sources */,
				FA46010B201B235A00455F6B /* AppDelegate.swift in Sources */,
				FA638316201EBEAB009B51F4 /* Sound.swift in Sources */,
				FA2FE79720271AB600BEC747 /* Ship.swift in Sources */,
				FA460127201BB95E00455F6B /* Sea.swift in Sources */,
				FA46011D201B252800455F6B /* SettingsViewController.swift in Sources */,
				FA6C9FF7201D3F5C004731C3 /* Deploy.swift in Sources */,
				FA460121201B254800455F6B /* EnemyShipsViewController.swift in Sources */,
			);
			runOnlyForDeploymentPostprocessing = 0;
		};
/* End PBXSourcesBuildPhase section */

/* Begin PBXVariantGroup section */
		FA46010E201B235A00455F6B /* Main.storyboard */ = {
			isa = PBXVariantGroup;
			children = (
				FA46010F201B235A00455F6B /* Base */,
			);
			name = Main.storyboard;
			sourceTree = "<group>";
		};
		FA460113201B235A00455F6B /* LaunchScreen.storyboard */ = {
			isa = PBXVariantGroup;
			children = (
				FA460114201B235A00455F6B /* Base */,
			);
			name = LaunchScreen.storyboard;
			sourceTree = "<group>";
		};
/* End PBXVariantGroup section */

/* Begin XCBuildConfiguration section */
		FA460117201B235A00455F6B /* Debug */ = {
			isa = XCBuildConfiguration;
			buildSettings = {
				ALWAYS_SEARCH_USER_PATHS = NO;
				CLANG_ANALYZER_NONNULL = YES;
				CLANG_ANALYZER_NUMBER_OBJECT_CONVERSION = YES_AGGRESSIVE;
				CLANG_CXX_LANGUAGE_STANDARD = "gnu++0x";
				CLANG_CXX_LIBRARY = "libc++";
				CLANG_ENABLE_MODULES = YES;
				CLANG_ENABLE_OBJC_ARC = YES;
				CLANG_WARN_BOOL_CONVERSION = YES;
				CLANG_WARN_CONSTANT_CONVERSION = YES;
				CLANG_WARN_DIRECT_OBJC_ISA_USAGE = YES_ERROR;
				CLANG_WARN_DOCUMENTATION_COMMENTS = YES;
				CLANG_WARN_EMPTY_BODY = YES;
				CLANG_WARN_ENUM_CONVERSION = YES;
				CLANG_WARN_INFINITE_RECURSION = YES;
				CLANG_WARN_INT_CONVERSION = YES;
				CLANG_WARN_OBJC_ROOT_CLASS = YES_ERROR;
				CLANG_WARN_SUSPICIOUS_MOVE = YES;
				CLANG_WARN_UNREACHABLE_CODE = YES;
				CLANG_WARN__DUPLICATE_METHOD_MATCH = YES;
				"CODE_SIGN_IDENTITY[sdk=iphoneos*]" = "iPhone Developer";
				COPY_PHASE_STRIP = NO;
				DEBUG_INFORMATION_FORMAT = dwarf;
				ENABLE_STRICT_OBJC_MSGSEND = YES;
				ENABLE_TESTABILITY = YES;
				GCC_C_LANGUAGE_STANDARD = gnu99;
				GCC_DYNAMIC_NO_PIC = NO;
				GCC_NO_COMMON_BLOCKS = YES;
				GCC_OPTIMIZATION_LEVEL = 0;
				GCC_PREPROCESSOR_DEFINITIONS = (
					"DEBUG=1",
					"$(inherited)",
				);
				GCC_WARN_64_TO_32_BIT_CONVERSION = YES;
				GCC_WARN_ABOUT_RETURN_TYPE = YES_ERROR;
				GCC_WARN_UNDECLARED_SELECTOR = YES;
				GCC_WARN_UNINITIALIZED_AUTOS = YES_AGGRESSIVE;
				GCC_WARN_UNUSED_FUNCTION = YES;
				GCC_WARN_UNUSED_VARIABLE = YES;
				IPHONEOS_DEPLOYMENT_TARGET = 8.0;
				MTL_ENABLE_DEBUG_INFO = YES;
				ONLY_ACTIVE_ARCH = YES;
				SDKROOT = iphoneos;
				SWIFT_ACTIVE_COMPILATION_CONDITIONS = DEBUG;
				SWIFT_OPTIMIZATION_LEVEL = "-Onone";
				TARGETED_DEVICE_FAMILY = "1,2";
			};
			name = Debug;
		};
		FA460118201B235A00455F6B /* Release */ = {
			isa = XCBuildConfiguration;
			buildSettings = {
				ALWAYS_SEARCH_USER_PATHS = NO;
				CLANG_ANALYZER_NONNULL = YES;
				CLANG_ANALYZER_NUMBER_OBJECT_CONVERSION = YES_AGGRESSIVE;
				CLANG_CXX_LANGUAGE_STANDARD = "gnu++0x";
				CLANG_CXX_LIBRARY = "libc++";
				CLANG_ENABLE_MODULES = YES;
				CLANG_ENABLE_OBJC_ARC = YES;
				CLANG_WARN_BOOL_CONVERSION = YES;
				CLANG_WARN_CONSTANT_CONVERSION = YES;
				CLANG_WARN_DIRECT_OBJC_ISA_USAGE = YES_ERROR;
				CLANG_WARN_DOCUMENTATION_COMMENTS = YES;
				CLANG_WARN_EMPTY_BODY = YES;
				CLANG_WARN_ENUM_CONVERSION = YES;
				CLANG_WARN_INFINITE_RECURSION = YES;
				CLANG_WARN_INT_CONVERSION = YES;
				CLANG_WARN_OBJC_ROOT_CLASS = YES_ERROR;
				CLANG_WARN_SUSPICIOUS_MOVE = YES;
				CLANG_WARN_UNREACHABLE_CODE = YES;
				CLANG_WARN__DUPLICATE_METHOD_MATCH = YES;
				"CODE_SIGN_IDENTITY[sdk=iphoneos*]" = "iPhone Developer";
				COPY_PHASE_STRIP = NO;
				DEBUG_INFORMATION_FORMAT = "dwarf-with-dsym";
				ENABLE_NS_ASSERTIONS = NO;
				ENABLE_STRICT_OBJC_MSGSEND = YES;
				GCC_C_LANGUAGE_STANDARD = gnu99;
				GCC_NO_COMMON_BLOCKS = YES;
				GCC_WARN_64_TO_32_BIT_CONVERSION = YES;
				GCC_WARN_ABOUT_RETURN_TYPE = YES_ERROR;
				GCC_WARN_UNDECLARED_SELECTOR = YES;
				GCC_WARN_UNINITIALIZED_AUTOS = YES_AGGRESSIVE;
				GCC_WARN_UNUSED_FUNCTION = YES;
				GCC_WARN_UNUSED_VARIABLE = YES;
				IPHONEOS_DEPLOYMENT_TARGET = 8.0;
				MTL_ENABLE_DEBUG_INFO = NO;
				SDKROOT = iphoneos;
				SWIFT_OPTIMIZATION_LEVEL = "-Owholemodule";
				TARGETED_DEVICE_FAMILY = "1,2";
				VALIDATE_PRODUCT = YES;
			};
			name = Release;
		};
		FA46011A201B235A00455F6B /* Debug */ = {
			isa = XCBuildConfiguration;
			buildSettings = {
				ASSETCATALOG_COMPILER_APPICON_NAME = AppIcon;
				DEVELOPMENT_TEAM = L59MFV4Z75;
				INFOPLIST_FILE = SeaFight/Info.plist;
				IPHONEOS_DEPLOYMENT_TARGET = 8.0;
				LD_RUNPATH_SEARCH_PATHS = "$(inherited) @executable_path/Frameworks";
				PRODUCT_BUNDLE_IDENTIFIER = com.example.Alex.SeaFight;
				PRODUCT_NAME = "$(TARGET_NAME)";
				SWIFT_VERSION = 3.0;
				TARGETED_DEVICE_FAMILY = 1;
			};
			name = Debug;
		};
		FA46011B201B235A00455F6B /* Release */ = {
			isa = XCBuildConfiguration;
			buildSettings = {
				ASSETCATALOG_COMPILER_APPICON_NAME = AppIcon;
				DEVELOPMENT_TEAM = L59MFV4Z75;
				INFOPLIST_FILE = SeaFight/Info.plist;
				IPHONEOS_DEPLOYMENT_TARGET = 8.0;
				LD_RUNPATH_SEARCH_PATHS = "$(inherited) @executable_path/Frameworks";
				PRODUCT_BUNDLE_IDENTIFIER = com.example.Alex.SeaFight;
				PRODUCT_NAME = "$(TARGET_NAME)";
				SWIFT_VERSION = 3.0;
				TARGETED_DEVICE_FAMILY = 1;
			};
			name = Release;
		};
/* End XCBuildConfiguration section */

/* Begin XCConfigurationList section */
		FA460102201B235900455F6B /* Build configuration list for PBXProject "SeaFight" */ = {
			isa = XCConfigurationList;
			buildConfigurations = (
				FA460117201B235A00455F6B /* Debug */,
				FA460118201B235A00455F6B /* Release */,
			);
			defaultConfigurationIsVisible = 0;
			defaultConfigurationName = Release;
		};
		FA460119201B235A00455F6B /* Build configuration list for PBXNativeTarget "SeaFight" */ = {
			isa = XCConfigurationList;
			buildConfigurations = (
				FA46011A201B235A00455F6B /* Debug */,
				FA46011B201B235A00455F6B /* Release */,
			);
			defaultConfigurationIsVisible = 0;
			defaultConfigurationName = Release;
		};
/* End XCConfigurationList section */
	};
	rootObject = FA4600FF201B235900455F6B /* Project object */;
}
